
Microsoft Visual Studio Solution File, Format Version 12.00
# Visual Studio Version 17
VisualStudioVersion = 17.13.35605.110
MinimumVisualStudioVersion = 10.0.40219.1
Project("{FAE04EC0-301F-11D3-BF4B-00C04F79EFBC}") = "01_MainSubjects", "01_MainSubjects\01_MainSubjects.csproj", "{70D6A2CA-7B88-4662-8AE8-8F50CEBC3765}"
EndProject
Project("{FAE04EC0-301F-11D3-BF4B-00C04F79EFBC}") = "02_Variables", "02_Variables\02_Variables.csproj", "{5D57EC0E-16AA-483D-A098-3850EFB312E9}"
EndProject
Project("{FAE04EC0-301F-11D3-BF4B-00C04F79EFBC}") = "03_MakingDecision", "03_MakingDecision\03_MakingDecision.csproj", "{3076CEE9-C853-4189-A4A7-2C5060DB2213}"
EndProject
Project("{FAE04EC0-301F-11D3-BF4B-00C04F79EFBC}") = "DenemeAsalSayi", "DenemeAsalSayi\DenemeAsalSayi.csproj", "{9F8DC1EB-BC6B-499B-86ED-7116F9F6A850}"
EndProject
Project("{FAE04EC0-301F-11D3-BF4B-00C04F79EFBC}") = "04_Loops", "04_Loops\04_Loops.csproj", "{DD2D712B-EF0A-43C2-879C-02C86765EFE0}"
EndProject
Project("{FAE04EC0-301F-11D3-BF4B-00C04F79EFBC}") = "05_LoopsWithStars", "05_LoopsWithStars\05_LoopsWithStars.csproj", "{DCD7F883-1A4D-4760-BCF3-8BC3FCC6BE9A}"
EndProject
Project("{FAE04EC0-301F-11D3-BF4B-00C04F79EFBC}") = "06_Arrays", "06_Arrays\06_Arrays.csproj", "{F5443067-4D61-45B6-A540-598B8C73D81F}"
EndProject
Global
	GlobalSection(SolutionConfigurationPlatforms) = preSolution
		Debug|Any CPU = Debug|Any CPU
		Release|Any CPU = Release|Any CPU
	EndGlobalSection
	GlobalSection(ProjectConfigurationPlatforms) = postSolution
		{70D6A2CA-7B88-4662-8AE8-8F50CEBC3765}.Debug|Any CPU.ActiveCfg = Debug|Any CPU
		{70D6A2CA-7B88-4662-8AE8-8F50CEBC3765}.Debug|Any CPU.Build.0 = Debug|Any CPU
		{70D6A2CA-7B88-4662-8AE8-8F50CEBC3765}.Release|Any CPU.ActiveCfg = Release|Any CPU
		{70D6A2CA-7B88-4662-8AE8-8F50CEBC3765}.Release|Any CPU.Build.0 = Release|Any CPU
		{5D57EC0E-16AA-483D-A098-3850EFB312E9}.Debug|Any CPU.ActiveCfg = Debug|Any CPU
		{5D57EC0E-16AA-483D-A098-3850EFB312E9}.Debug|Any CPU.Build.0 = Debug|Any CPU
		{5D57EC0E-16AA-483D-A098-3850EFB312E9}.Release|Any CPU.ActiveCfg = Release|Any CPU
		{5D57EC0E-16AA-483D-A098-3850EFB312E9}.Release|Any CPU.Build.0 = Release|Any CPU
		{3076CEE9-C853-4189-A4A7-2C5060DB2213}.Debug|Any CPU.ActiveCfg = Debug|Any CPU
		{3076CEE9-C853-4189-A4A7-2C5060DB2213}.Debug|Any CPU.Build.0 = Debug|Any CPU
		{3076CEE9-C853-4189-A4A7-2C5060DB2213}.Release|Any CPU.ActiveCfg = Release|Any CPU
		{3076CEE9-C853-4189-A4A7-2C5060DB2213}.Release|Any CPU.Build.0 = Release|Any CPU
		{9F8DC1EB-BC6B-499B-86ED-7116F9F6A850}.Debug|Any CPU.ActiveCfg = Debug|Any CPU
		{9F8DC1EB-BC6B-499B-86ED-7116F9F6A850}.Debug|Any CPU.Build.0 = Debug|Any CPU
		{9F8DC1EB-BC6B-499B-86ED-7116F9F6A850}.Release|Any CPU.ActiveCfg = Release|Any CPU
		{9F8DC1EB-BC6B-499B-86ED-7116F9F6A850}.Release|Any CPU.Build.0 = Release|Any CPU
		{DD2D712B-EF0A-43C2-879C-02C86765EFE0}.Debug|Any CPU.ActiveCfg = Debug|Any CPU
		{DD2D712B-EF0A-43C2-879C-02C86765EFE0}.Debug|Any CPU.Build.0 = Debug|Any CPU
		{DD2D712B-EF0A-43C2-879C-02C86765EFE0}.Release|Any CPU.ActiveCfg = Release|Any CPU
		{DD2D712B-EF0A-43C2-879C-02C86765EFE0}.Release|Any CPU.Build.0 = Release|Any CPU
		{DCD7F883-1A4D-4760-BCF3-8BC3FCC6BE9A}.Debug|Any CPU.ActiveCfg = Debug|Any CPU
		{DCD7F883-1A4D-4760-BCF3-8BC3FCC6BE9A}.Debug|Any CPU.Build.0 = Debug|Any CPU
		{DCD7F883-1A4D-4760-BCF3-8BC3FCC6BE9A}.Release|Any CPU.ActiveCfg = Release|Any CPU
		{DCD7F883-1A4D-4760-BCF3-8BC3FCC6BE9A}.Release|Any CPU.Build.0 = Release|Any CPU
		{F5443067-4D61-45B6-A540-598B8C73D81F}.Debug|Any CPU.ActiveCfg = Debug|Any CPU
		{F5443067-4D61-45B6-A540-598B8C73D81F}.Debug|Any CPU.Build.0 = Debug|Any CPU
		{F5443067-4D61-45B6-A540-598B8C73D81F}.Release|Any CPU.ActiveCfg = Release|Any CPU
		{F5443067-4D61-45B6-A540-598B8C73D81F}.Release|Any CPU.Build.0 = Release|Any CPU
	EndGlobalSection
	GlobalSection(SolutionProperties) = preSolution
		HideSolutionNode = FALSE
	EndGlobalSection
	GlobalSection(ExtensibilityGlobals) = postSolution
		SolutionGuid = {479B0457-7937-4428-8D8B-F3314C9F8D2F}
	EndGlobalSection
EndGlobal
